
Microsoft Visual Studio Solution File, Format Version 12.00
# Visual Studio 15
VisualStudioVersion = 15.0.28307.902
MinimumVisualStudioVersion = 10.0.40219.1
Project("{FAE04EC0-301F-11D3-BF4B-00C04F79EFBC}") = "ZXLY.BOOK", "ZXLY.BOOK\ZXLY.BOOK.csproj", "{00EE1E88-B7C8-421F-8274-AAB59C927C2A}"
EndProject
Project("{FAE04EC0-301F-11D3-BF4B-00C04F79EFBC}") = "ZXLY_DAL", "ZXLY_DAL\ZXLY_DAL.csproj", "{288B107C-75F0-45D2-8048-F74550C2D05B}"
EndProject
Global
	GlobalSection(SolutionConfigurationPlatforms) = preSolution
		Debug|Any CPU = Debug|Any CPU
		Release|Any CPU = Release|Any CPU
	EndGlobalSection
	GlobalSection(ProjectConfigurationPlatforms) = postSolution
		{00EE1E88-B7C8-421F-8274-AAB59C927C2A}.Debug|Any CPU.ActiveCfg = Debug|Any CPU
		{00EE1E88-B7C8-421F-8274-AAB59C927C2A}.Debug|Any CPU.Build.0 = Debug|Any CPU
		{00EE1E88-B7C8-421F-8274-AAB59C927C2A}.Release|Any CPU.ActiveCfg = Release|Any CPU
		{00EE1E88-B7C8-421F-8274-AAB59C927C2A}.Release|Any CPU.Build.0 = Release|Any CPU
		{288B107C-75F0-45D2-8048-F74550C2D05B}.Debug|Any CPU.ActiveCfg = Debug|Any CPU
		{288B107C-75F0-45D2-8048-F74550C2D05B}.Debug|Any CPU.Build.0 = Debug|Any CPU
		{288B107C-75F0-45D2-8048-F74550C2D05B}.Release|Any CPU.ActiveCfg = Release|Any CPU
		{288B107C-75F0-45D2-8048-F74550C2D05B}.Release|Any CPU.Build.0 = Release|Any CPU
	EndGlobalSection
	GlobalSection(SolutionProperties) = preSolution
		HideSolutionNode = FALSE
	EndGlobalSection
	GlobalSection(ExtensibilityGlobals) = postSolution
		SolutionGuid = {A81F032C-1744-407D-9AC0-C9ACDC2B5F5A}
	EndGlobalSection
EndGlobal
