
Microsoft Visual Studio Solution File, Format Version 12.00
# Visual Studio 15
VisualStudioVersion = 15.0.28307.902
MinimumVisualStudioVersion = 10.0.40219.1
Project("{FAE04EC0-301F-11D3-BF4B-00C04F79EFBC}") = "DD.EF", "DD.EF\DD.EF.csproj", "{C7854410-C7CB-4207-9FF5-38D0E05F8351}"
EndProject
Project("{FAE04EC0-301F-11D3-BF4B-00C04F79EFBC}") = "DD.dal", "DD.dal\DD.dal.csproj", "{A3D6D935-E59E-4B5A-B704-D1C389EECC82}"
EndProject
Global
	GlobalSection(SolutionConfigurationPlatforms) = preSolution
		Debug|Any CPU = Debug|Any CPU
		Release|Any CPU = Release|Any CPU
	EndGlobalSection
	GlobalSection(ProjectConfigurationPlatforms) = postSolution
		{C7854410-C7CB-4207-9FF5-38D0E05F8351}.Debug|Any CPU.ActiveCfg = Debug|Any CPU
		{C7854410-C7CB-4207-9FF5-38D0E05F8351}.Debug|Any CPU.Build.0 = Debug|Any CPU
		{C7854410-C7CB-4207-9FF5-38D0E05F8351}.Release|Any CPU.ActiveCfg = Release|Any CPU
		{C7854410-C7CB-4207-9FF5-38D0E05F8351}.Release|Any CPU.Build.0 = Release|Any CPU
		{A3D6D935-E59E-4B5A-B704-D1C389EECC82}.Debug|Any CPU.ActiveCfg = Debug|Any CPU
		{A3D6D935-E59E-4B5A-B704-D1C389EECC82}.Debug|Any CPU.Build.0 = Debug|Any CPU
		{A3D6D935-E59E-4B5A-B704-D1C389EECC82}.Release|Any CPU.ActiveCfg = Release|Any CPU
		{A3D6D935-E59E-4B5A-B704-D1C389EECC82}.Release|Any CPU.Build.0 = Release|Any CPU
	EndGlobalSection
	GlobalSection(SolutionProperties) = preSolution
		HideSolutionNode = FALSE
	EndGlobalSection
	GlobalSection(ExtensibilityGlobals) = postSolution
		SolutionGuid = {E0341031-9326-4A1A-84B4-7CFFAB9C24C9}
	EndGlobalSection
EndGlobal
